
Microsoft Visual Studio Solution File, Format Version 12.00
# Visual Studio Version 16
VisualStudioVersion = 16.0.34301.259
MinimumVisualStudioVersion = 10.0.40219.1
Project("{FAE04EC0-301F-11D3-BF4B-00C04F79EFBC}") = "MainFormUITest", "MainFormUITest\MainFormUITest.csproj", "{AB26DB2D-87FF-4850-844D-D03C96B7547C}"
EndProject
Global
	GlobalSection(SolutionConfigurationPlatforms) = preSolution
		Debug|Any CPU = Debug|Any CPU
		Release|Any CPU = Release|Any CPU
	EndGlobalSection
	GlobalSection(ProjectConfigurationPlatforms) = postSolution
		{AB26DB2D-87FF-4850-844D-D03C96B7547C}.Debug|Any CPU.ActiveCfg = Debug|Any CPU
		{AB26DB2D-87FF-4850-844D-D03C96B7547C}.Debug|Any CPU.Build.0 = Debug|Any CPU
		{AB26DB2D-87FF-4850-844D-D03C96B7547C}.Release|Any CPU.ActiveCfg = Release|Any CPU
		{AB26DB2D-87FF-4850-844D-D03C96B7547C}.Release|Any CPU.Build.0 = Release|Any CPU
	EndGlobalSection
	GlobalSection(SolutionProperties) = preSolution
		HideSolutionNode = FALSE
	EndGlobalSection
	GlobalSection(ExtensibilityGlobals) = postSolution
		SolutionGuid = {D0B13793-01A3-4349-ADEE-EAEE63D27275}
	EndGlobalSection
EndGlobal
