
Microsoft Visual Studio Solution File, Format Version 12.00
# Visual Studio Version 16
VisualStudioVersion = 16.0.34031.81
MinimumVisualStudioVersion = 10.0.40219.1
Project("{FAE04EC0-301F-11D3-BF4B-00C04F79EFBC}") = "DrawingModel", "DrawingModel\DrawingModel.csproj", "{5222724C-B570-4544-A411-1E89A860CDB3}"
EndProject
Global
	GlobalSection(SolutionConfigurationPlatforms) = preSolution
		Debug|Any CPU = Debug|Any CPU
		Release|Any CPU = Release|Any CPU
	EndGlobalSection
	GlobalSection(ProjectConfigurationPlatforms) = postSolution
		{5222724C-B570-4544-A411-1E89A860CDB3}.Debug|Any CPU.ActiveCfg = Debug|Any CPU
		{5222724C-B570-4544-A411-1E89A860CDB3}.Debug|Any CPU.Build.0 = Debug|Any CPU
		{5222724C-B570-4544-A411-1E89A860CDB3}.Release|Any CPU.ActiveCfg = Release|Any CPU
		{5222724C-B570-4544-A411-1E89A860CDB3}.Release|Any CPU.Build.0 = Release|Any CPU
	EndGlobalSection
	GlobalSection(SolutionProperties) = preSolution
		HideSolutionNode = FALSE
	EndGlobalSection
	GlobalSection(ExtensibilityGlobals) = postSolution
		SolutionGuid = {CD349F32-4713-4BB7-A810-317A85890A65}
	EndGlobalSection
EndGlobal
