
Microsoft Visual Studio Solution File, Format Version 12.00
# Visual Studio Version 16
VisualStudioVersion = 16.0.34031.81
MinimumVisualStudioVersion = 10.0.40219.1
Project("{FAE04EC0-301F-11D3-BF4B-00C04F79EFBC}") = "Homework", "Homework\Homework.csproj", "{B1AFB633-4FA8-4618-B290-A456912E78EE}"
EndProject
Global
	GlobalSection(SolutionConfigurationPlatforms) = preSolution
		Debug|Any CPU = Debug|Any CPU
		Release|Any CPU = Release|Any CPU
	EndGlobalSection
	GlobalSection(ProjectConfigurationPlatforms) = postSolution
		{B1AFB633-4FA8-4618-B290-A456912E78EE}.Debug|Any CPU.ActiveCfg = Debug|Any CPU
		{B1AFB633-4FA8-4618-B290-A456912E78EE}.Debug|Any CPU.Build.0 = Debug|Any CPU
		{B1AFB633-4FA8-4618-B290-A456912E78EE}.Release|Any CPU.ActiveCfg = Release|Any CPU
		{B1AFB633-4FA8-4618-B290-A456912E78EE}.Release|Any CPU.Build.0 = Release|Any CPU
	EndGlobalSection
	GlobalSection(SolutionProperties) = preSolution
		HideSolutionNode = FALSE
	EndGlobalSection
	GlobalSection(ExtensibilityGlobals) = postSolution
		SolutionGuid = {E56BEDE8-6560-4573-B172-0BA7E0D8B35A}
	EndGlobalSection
EndGlobal
